<Solution>
  <Folder Name="/src/" />
  <Folder Name="/src/Cycling.Rider.Tracking.Api/">
    <Project Path="src/Cycling.Rider.Tracking.Api/Cycling.Rider.Tracking.Api/Cycling.Rider.Tracking.Api.csproj" />
    <Project Path="src/Cycling.Rider.Tracking.Api/Cycling.Rider.Tracking.Application/Cycling.Rider.Tracking.Application.csproj" Id="6ae6fadb-b340-44f7-8cee-7269e6591a24" />
    <Project Path="src/Cycling.Rider.Tracking.Api/Cycling.Rider.Tracking.Domain/Cycling.Rider.Tracking.Domain.csproj" Id="7905c520-4061-469f-b0b5-fa080a0ae23b" />
    <Project Path="src/Cycling.Rider.Tracking.Api/Cycling.Rider.Tracking.Infrastructure/Cycling.Rider.Tracking.Infrastructure.csproj" />
  </Folder>
  <Project Path="docker-compose.dcproj">
    <Build />
  </Project>
</Solution>
